// !$*UTF8*$!
{
	archiveVersion = 1;
	classes = {
	};
	objectVersion = 55;
	objects = {

/* Begin PBXBuildFile section */
		0F4B91D1279F4C26000D74F4 /* ClimatoApp.swift in Sources */ = {isa = PBXBuildFile; fileRef = 0F4B91D0279F4C26000D74F4 /* ClimatoApp.swift */; };
		0F4B91D3279F4C26000D74F4 /* ContentView.swift in Sources */ = {isa = PBXBuildFile; fileRef = 0F4B91D2279F4C26000D74F4 /* ContentView.swift */; };
		0F4B91D5279F4C27000D74F4 /* Assets.xcassets in Resources */ = {isa = PBXBuildFile; fileRef = 0F4B91D4279F4C27000D74F4 /* Assets.xcassets */; };
		0F4B91D8279F4C27000D74F4 /* Preview Assets.xcassets in Resources */ = {isa = PBXBuildFile; fileRef = 0F4B91D7279F4C27000D74F4 /* Preview Assets.xcassets */; };
		0F4B91E0279F4E5B000D74F4 /* LocationManager.swift in Sources */ = {isa = PBXBuildFile; fileRef = 0F4B91DF279F4E5B000D74F4 /* LocationManager.swift */; };
		0F4B91E3279F53A5000D74F4 /* WelcomeView.swift in Sources */ = {isa = PBXBuildFile; fileRef = 0F4B91E2279F53A5000D74F4 /* WelcomeView.swift */; };
		0F4B91E5279F7818000D74F4 /* LoadingView.swift in Sources */ = {isa = PBXBuildFile; fileRef = 0F4B91E4279F7818000D74F4 /* LoadingView.swift */; };
		0F4B91E7279F7F0F000D74F4 /* WeatherManager.swift in Sources */ = {isa = PBXBuildFile; fileRef = 0F4B91E6279F7F0F000D74F4 /* WeatherManager.swift */; };
		0F4B91EA27A06838000D74F4 /* WeatherView.swift in Sources */ = {isa = PBXBuildFile; fileRef = 0F4B91E927A06838000D74F4 /* WeatherView.swift */; };
		0F4B91EC27A06B25000D74F4 /* Modeldata.swift in Sources */ = {isa = PBXBuildFile; fileRef = 0F4B91EB27A06B25000D74F4 /* Modeldata.swift */; };
		0F4B91EF27A06CFF000D74F4 /* Extensions.swift in Sources */ = {isa = PBXBuildFile; fileRef = 0F4B91EE27A06CFF000D74F4 /* Extensions.swift */; };
		0FE6AEE227A096F300941C4F /* WeatherRow.swift in Sources */ = {isa = PBXBuildFile; fileRef = 0FE6AEE127A096F300941C4F /* WeatherRow.swift */; };
/* End PBXBuildFile section */

/* Begin PBXFileReference section */
		0F4B91CD279F4C26000D74F4 /* Climato.app */ = {isa = PBXFileReference; explicitFileType = wrapper.application; includeInIndex = 0; path = Climato.app; sourceTree = BUILT_PRODUCTS_DIR; };
		0F4B91D0279F4C26000D74F4 /* ClimatoApp.swift */ = {isa = PBXFileReference; lastKnownFileType = sourcecode.swift; path = ClimatoApp.swift; sourceTree = "<group>"; };
		0F4B91D2279F4C26000D74F4 /* ContentView.swift */ = {isa = PBXFileReference; lastKnownFileType = sourcecode.swift; path = ContentView.swift; sourceTree = "<group>"; };
		0F4B91D4279F4C27000D74F4 /* Assets.xcassets */ = {isa = PBXFileReference; lastKnownFileType = folder.assetcatalog; path = Assets.xcassets; sourceTree = "<group>"; };
		0F4B91D7279F4C27000D74F4 /* Preview Assets.xcassets */ = {isa = PBXFileReference; lastKnownFileType = folder.assetcatalog; path = "Preview Assets.xcassets"; sourceTree = "<group>"; };
		0F4B91DF279F4E5B000D74F4 /* LocationManager.swift */ = {isa = PBXFileReference; lastKnownFileType = sourcecode.swift; path = LocationManager.swift; sourceTree = "<group>"; };
		0F4B91E2279F53A5000D74F4 /* WelcomeView.swift */ = {isa = PBXFileReference; lastKnownFileType = sourcecode.swift; path = WelcomeView.swift; sourceTree = "<group>"; };
		0F4B91E4279F7818000D74F4 /* LoadingView.swift */ = {isa = PBXFileReference; lastKnownFileType = sourcecode.swift; path = LoadingView.swift; sourceTree = "<group>"; };
		0F4B91E6279F7F0F000D74F4 /* WeatherManager.swift */ = {isa = PBXFileReference; lastKnownFileType = sourcecode.swift; path = WeatherManager.swift; sourceTree = "<group>"; };
		0F4B91E927A06838000D74F4 /* WeatherView.swift */ = {isa = PBXFileReference; lastKnownFileType = sourcecode.swift; path = WeatherView.swift; sourceTree = "<group>"; };
		0F4B91EB27A06B25000D74F4 /* Modeldata.swift */ = {isa = PBXFileReference; lastKnownFileType = sourcecode.swift; path = Modeldata.swift; sourceTree = "<group>"; };
		0F4B91ED27A06B95000D74F4 /* weatherData.json */ = {isa = PBXFileReference; lastKnownFileType = text.json; path = weatherData.json; sourceTree = "<group>"; };
		0F4B91EE27A06CFF000D74F4 /* Extensions.swift */ = {isa = PBXFileReference; lastKnownFileType = sourcecode.swift; path = Extensions.swift; sourceTree = "<group>"; };
		0FE6AEE127A096F300941C4F /* WeatherRow.swift */ = {isa = PBXFileReference; lastKnownFileType = sourcecode.swift; path = WeatherRow.swift; sourceTree = "<group>"; };
/* End PBXFileReference section */

/* Begin PBXFrameworksBuildPhase section */
		0F4B91CA279F4C26000D74F4 /* Frameworks */ = {
			isa = PBXFrameworksBuildPhase;
			buildActionMask = 2147483647;
			files = (
			);
			runOnlyForDeploymentPostprocessing = 0;
		};
/* End PBXFrameworksBuildPhase section */

/* Begin PBXGroup section */
		0F4B91C4279F4C26000D74F4 = {
			isa = PBXGroup;
			children = (
				0F4B91CF279F4C26000D74F4 /* Climato */,
				0F4B91CE279F4C26000D74F4 /* Products */,
			);
			sourceTree = "<group>";
		};
		0F4B91CE279F4C26000D74F4 /* Products */ = {
			isa = PBXGroup;
			children = (
				0F4B91CD279F4C26000D74F4 /* Climato.app */,
			);
			name = Products;
			sourceTree = "<group>";
		};
		0F4B91CF279F4C26000D74F4 /* Climato */ = {
			isa = PBXGroup;
			children = (
				0FE6AEE027A096CC00941C4F /* Components */,
				0F4B91E1279F5269000D74F4 /* Views */,
				0F4B91DE279F4E31000D74F4 /* Managers */,
				0F4B91D0279F4C26000D74F4 /* ClimatoApp.swift */,
				0F4B91EE27A06CFF000D74F4 /* Extensions.swift */,
				0F4B91D4279F4C27000D74F4 /* Assets.xcassets */,
				0F4B91D6279F4C27000D74F4 /* Preview Content */,
			);
			path = Climato;
			sourceTree = "<group>";
		};
		0F4B91D6279F4C27000D74F4 /* Preview Content */ = {
			isa = PBXGroup;
			children = (
				0F4B91D7279F4C27000D74F4 /* Preview Assets.xcassets */,
				0F4B91EB27A06B25000D74F4 /* Modeldata.swift */,
				0F4B91ED27A06B95000D74F4 /* weatherData.json */,
			);
			path = "Preview Content";
			sourceTree = "<group>";
		};
		0F4B91DE279F4E31000D74F4 /* Managers */ = {
			isa = PBXGroup;
			children = (
				0F4B91DF279F4E5B000D74F4 /* LocationManager.swift */,
				0F4B91E6279F7F0F000D74F4 /* WeatherManager.swift */,
			);
			path = Managers;
			sourceTree = "<group>";
		};
		0F4B91E1279F5269000D74F4 /* Views */ = {
			isa = PBXGroup;
			children = (
				0F4B91D2279F4C26000D74F4 /* ContentView.swift */,
				0F4B91E2279F53A5000D74F4 /* WelcomeView.swift */,
				0F4B91E4279F7818000D74F4 /* LoadingView.swift */,
				0F4B91E927A06838000D74F4 /* WeatherView.swift */,
			);
			path = Views;
			sourceTree = "<group>";
		};
		0FE6AEE027A096CC00941C4F /* Components */ = {
			isa = PBXGroup;
			children = (
				0FE6AEE127A096F300941C4F /* WeatherRow.swift */,
			);
			path = Components;
			sourceTree = "<group>";
		};
/* End PBXGroup section */

/* Begin PBXNativeTarget section */
		0F4B91CC279F4C26000D74F4 /* Climato */ = {
			isa = PBXNativeTarget;
			buildConfigurationList = 0F4B91DB279F4C27000D74F4 /* Build configuration list for PBXNativeTarget "Climato" */;
			buildPhases = (
				0F4B91C9279F4C26000D74F4 /* Sources */,
				0F4B91CA279F4C26000D74F4 /* Frameworks */,
				0F4B91CB279F4C26000D74F4 /* Resources */,
			);
			buildRules = (
			);
			dependencies = (
			);
			name = Climato;
			productName = Climato;
			productReference = 0F4B91CD279F4C26000D74F4 /* Climato.app */;
			productType = "com.apple.product-type.application";
		};
/* End PBXNativeTarget section */

/* Begin PBXProject section */
		0F4B91C5279F4C26000D74F4 /* Project object */ = {
			isa = PBXProject;
			attributes = {
				BuildIndependentTargetsInParallel = 1;
				LastSwiftUpdateCheck = 1320;
				LastUpgradeCheck = 1320;
				TargetAttributes = {
					0F4B91CC279F4C26000D74F4 = {
						CreatedOnToolsVersion = 13.2.1;
					};
				};
			};
			buildConfigurationList = 0F4B91C8279F4C26000D74F4 /* Build configuration list for PBXProject "Climato" */;
			compatibilityVersion = "Xcode 13.0";
			developmentRegion = en;
			hasScannedForEncodings = 0;
			knownRegions = (
				en,
				Base,
			);
			mainGroup = 0F4B91C4279F4C26000D74F4;
			productRefGroup = 0F4B91CE279F4C26000D74F4 /* Products */;
			projectDirPath = "";
			projectRoot = "";
			targets = (
				0F4B91CC279F4C26000D74F4 /* Climato */,
			);
		};
/* End PBXProject section */

/* Begin PBXResourcesBuildPhase section */
		0F4B91CB279F4C26000D74F4 /* Resources */ = {
			isa = PBXResourcesBuildPhase;
			buildActionMask = 2147483647;
			files = (
				0F4B91D8279F4C27000D74F4 /* Preview Assets.xcassets in Resources */,
				0F4B91D5279F4C27000D74F4 /* Assets.xcassets in Resources */,
			);
			runOnlyForDeploymentPostprocessing = 0;
		};
/* End PBXResourcesBuildPhase section */

/* Begin PBXSourcesBuildPhase section */
		0F4B91C9279F4C26000D74F4 /* Sources */ = {
			isa = PBXSourcesBuildPhase;
			buildActionMask = 2147483647;
			files = (
				0F4B91E7279F7F0F000D74F4 /* WeatherManager.swift in Sources */,
				0F4B91EF27A06CFF000D74F4 /* Extensions.swift in Sources */,
				0F4B91D3279F4C26000D74F4 /* ContentView.swift in Sources */,
				0F4B91D1279F4C26000D74F4 /* ClimatoApp.swift in Sources */,
				0F4B91E0279F4E5B000D74F4 /* LocationManager.swift in Sources */,
				0FE6AEE227A096F300941C4F /* WeatherRow.swift in Sources */,
				0F4B91E5279F7818000D74F4 /* LoadingView.swift in Sources */,
				0F4B91EC27A06B25000D74F4 /* Modeldata.swift in Sources */,
				0F4B91EA27A06838000D74F4 /* WeatherView.swift in Sources */,
				0F4B91E3279F53A5000D74F4 /* WelcomeView.swift in Sources */,
			);
			runOnlyForDeploymentPostprocessing = 0;
		};
/* End PBXSourcesBuildPhase section */

/* Begin XCBuildConfiguration section */
		0F4B91D9279F4C27000D74F4 /* Debug */ = {
			isa = XCBuildConfiguration;
			buildSettings = {
				ALWAYS_SEARCH_USER_PATHS = NO;
				CLANG_ANALYZER_NONNULL = YES;
				CLANG_ANALYZER_NUMBER_OBJECT_CONVERSION = YES_AGGRESSIVE;
				CLANG_CXX_LANGUAGE_STANDARD = "gnu++17";
				CLANG_CXX_LIBRARY = "libc++";
				CLANG_ENABLE_MODULES = YES;
				CLANG_ENABLE_OBJC_ARC = YES;
				CLANG_ENABLE_OBJC_WEAK = YES;
				CLANG_WARN_BLOCK_CAPTURE_AUTORELEASING = YES;
				CLANG_WARN_BOOL_CONVERSION = YES;
				CLANG_WARN_COMMA = YES;
				CLANG_WARN_CONSTANT_CONVERSION = YES;
				CLANG_WARN_DEPRECATED_OBJC_IMPLEMENTATIONS = YES;
				CLANG_WARN_DIRECT_OBJC_ISA_USAGE = YES_ERROR;
				CLANG_WARN_DOCUMENTATION_COMMENTS = YES;
				CLANG_WARN_EMPTY_BODY = YES;
				CLANG_WARN_ENUM_CONVERSION = YES;
				CLANG_WARN_INFINITE_RECURSION = YES;
				CLANG_WARN_INT_CONVERSION = YES;
				CLANG_WARN_NON_LITERAL_NULL_CONVERSION = YES;
				CLANG_WARN_OBJC_IMPLICIT_RETAIN_SELF = YES;
				CLANG_WARN_OBJC_LITERAL_CONVERSION = YES;
				CLANG_WARN_OBJC_ROOT_CLASS = YES_ERROR;
				CLANG_WARN_QUOTED_INCLUDE_IN_FRAMEWORK_HEADER = YES;
				CLANG_WARN_RANGE_LOOP_ANALYSIS = YES;
				CLANG_WARN_STRICT_PROTOTYPES = YES;
				CLANG_WARN_SUSPICIOUS_MOVE = YES;
				CLANG_WARN_UNGUARDED_AVAILABILITY = YES_AGGRESSIVE;
				CLANG_WARN_UNREACHABLE_CODE = YES;
				CLANG_WARN__DUPLICATE_METHOD_MATCH = YES;
				COPY_PHASE_STRIP = NO;
				DEBUG_INFORMATION_FORMAT = dwarf;
				ENABLE_STRICT_OBJC_MSGSEND = YES;
				ENABLE_TESTABILITY = YES;
				GCC_C_LANGUAGE_STANDARD = gnu11;
				GCC_DYNAMIC_NO_PIC = NO;
				GCC_NO_COMMON_BLOCKS = YES;
				GCC_OPTIMIZATION_LEVEL = 0;
				GCC_PREPROCESSOR_DEFINITIONS = (
					"DEBUG=1",
					"$(inherited)",
				);
				GCC_WARN_64_TO_32_BIT_CONVERSION = YES;
				GCC_WARN_ABOUT_RETURN_TYPE = YES_ERROR;
				GCC_WARN_UNDECLARED_SELECTOR = YES;
				GCC_WARN_UNINITIALIZED_AUTOS = YES_AGGRESSIVE;
				GCC_WARN_UNUSED_FUNCTION = YES;
				GCC_WARN_UNUSED_VARIABLE = YES;
				IPHONEOS_DEPLOYMENT_TARGET = 15.2;
				MTL_ENABLE_DEBUG_INFO = INCLUDE_SOURCE;
				MTL_FAST_MATH = YES;
				ONLY_ACTIVE_ARCH = YES;
				SDKROOT = iphoneos;
				SWIFT_ACTIVE_COMPILATION_CONDITIONS = DEBUG;
				SWIFT_OPTIMIZATION_LEVEL = "-Onone";
			};
			name = Debug;
		};
		0F4B91DA279F4C27000D74F4 /* Release */ = {
			isa = XCBuildConfiguration;
			buildSettings = {
				ALWAYS_SEARCH_USER_PATHS = NO;
				CLANG_ANALYZER_NONNULL = YES;
				CLANG_ANALYZER_NUMBER_OBJECT_CONVERSION = YES_AGGRESSIVE;
				CLANG_CXX_LANGUAGE_STANDARD = "gnu++17";
				CLANG_CXX_LIBRARY = "libc++";
				CLANG_ENABLE_MODULES = YES;
				CLANG_ENABLE_OBJC_ARC = YES;
				CLANG_ENABLE_OBJC_WEAK = YES;
				CLANG_WARN_BLOCK_CAPTURE_AUTORELEASING = YES;
				CLANG_WARN_BOOL_CONVERSION = YES;
				CLANG_WARN_COMMA = YES;
				CLANG_WARN_CONSTANT_CONVERSION = YES;
				CLANG_WARN_DEPRECATED_OBJC_IMPLEMENTATIONS = YES;
				CLANG_WARN_DIRECT_OBJC_ISA_USAGE = YES_ERROR;
				CLANG_WARN_DOCUMENTATION_COMMENTS = YES;
				CLANG_WARN_EMPTY_BODY = YES;
				CLANG_WARN_ENUM_CONVERSION = YES;
				CLANG_WARN_INFINITE_RECURSION = YES;
				CLANG_WARN_INT_CONVERSION = YES;
				CLANG_WARN_NON_LITERAL_NULL_CONVERSION = YES;
				CLANG_WARN_OBJC_IMPLICIT_RETAIN_SELF = YES;
				CLANG_WARN_OBJC_LITERAL_CONVERSION = YES;
				CLANG_WARN_OBJC_ROOT_CLASS = YES_ERROR;
				CLANG_WARN_QUOTED_INCLUDE_IN_FRAMEWORK_HEADER = YES;
				CLANG_WARN_RANGE_LOOP_ANALYSIS = YES;
				CLANG_WARN_STRICT_PROTOTYPES = YES;
				CLANG_WARN_SUSPICIOUS_MOVE = YES;
				CLANG_WARN_UNGUARDED_AVAILABILITY = YES_AGGRESSIVE;
				CLANG_WARN_UNREACHABLE_CODE = YES;
				CLANG_WARN__DUPLICATE_METHOD_MATCH = YES;
				COPY_PHASE_STRIP = NO;
				DEBUG_INFORMATION_FORMAT = "dwarf-with-dsym";
				ENABLE_NS_ASSERTIONS = NO;
				ENABLE_STRICT_OBJC_MSGSEND = YES;
				GCC_C_LANGUAGE_STANDARD = gnu11;
				GCC_NO_COMMON_BLOCKS = YES;
				GCC_WARN_64_TO_32_BIT_CONVERSION = YES;
				GCC_WARN_ABOUT_RETURN_TYPE = YES_ERROR;
				GCC_WARN_UNDECLARED_SELECTOR = YES;
				GCC_WARN_UNINITIALIZED_AUTOS = YES_AGGRESSIVE;
				GCC_WARN_UNUSED_FUNCTION = YES;
				GCC_WARN_UNUSED_VARIABLE = YES;
				IPHONEOS_DEPLOYMENT_TARGET = 15.2;
				MTL_ENABLE_DEBUG_INFO = NO;
				MTL_FAST_MATH = YES;
				SDKROOT = iphoneos;
				SWIFT_COMPILATION_MODE = wholemodule;
				SWIFT_OPTIMIZATION_LEVEL = "-O";
				VALIDATE_PRODUCT = YES;
			};
			name = Release;
		};
		0F4B91DC279F4C27000D74F4 /* Debug */ = {
			isa = XCBuildConfiguration;
			buildSettings = {
				ASSETCATALOG_COMPILER_APPICON_NAME = AppIcon;
				ASSETCATALOG_COMPILER_GLOBAL_ACCENT_COLOR_NAME = AccentColor;
				CODE_SIGN_STYLE = Automatic;
				CURRENT_PROJECT_VERSION = 1;
				DEVELOPMENT_ASSET_PATHS = "\"Climato/Preview Content\"";
				DEVELOPMENT_TEAM = L8V6QS755Y;
				ENABLE_PREVIEWS = YES;
				GENERATE_INFOPLIST_FILE = YES;
				INFOPLIST_KEY_UIApplicationSceneManifest_Generation = YES;
				INFOPLIST_KEY_UIApplicationSupportsIndirectInputEvents = YES;
				INFOPLIST_KEY_UILaunchScreen_Generation = YES;
				INFOPLIST_KEY_UISupportedInterfaceOrientations_iPad = "UIInterfaceOrientationPortrait UIInterfaceOrientationPortraitUpsideDown UIInterfaceOrientationLandscapeLeft UIInterfaceOrientationLandscapeRight";
				INFOPLIST_KEY_UISupportedInterfaceOrientations_iPhone = "UIInterfaceOrientationPortrait UIInterfaceOrientationLandscapeLeft UIInterfaceOrientationLandscapeRight";
				LD_RUNPATH_SEARCH_PATHS = (
					"$(inherited)",
					"@executable_path/Frameworks",
				);
				MARKETING_VERSION = 1.0;
				PRODUCT_BUNDLE_IDENTIFIER = goto.com.Climato;
				PRODUCT_NAME = "$(TARGET_NAME)";
				SWIFT_EMIT_LOC_STRINGS = YES;
				SWIFT_VERSION = 5.0;
				TARGETED_DEVICE_FAMILY = "1,2";
			};
			name = Debug;
		};
		0F4B91DD279F4C27000D74F4 /* Release */ = {
			isa = XCBuildConfiguration;
			buildSettings = {
				ASSETCATALOG_COMPILER_APPICON_NAME = AppIcon;
				ASSETCATALOG_COMPILER_GLOBAL_ACCENT_COLOR_NAME = AccentColor;
				CODE_SIGN_STYLE = Automatic;
				CURRENT_PROJECT_VERSION = 1;
				DEVELOPMENT_ASSET_PATHS = "\"Climato/Preview Content\"";
				DEVELOPMENT_TEAM = L8V6QS755Y;
				ENABLE_PREVIEWS = YES;
				GENERATE_INFOPLIST_FILE = YES;
				INFOPLIST_KEY_UIApplicationSceneManifest_Generation = YES;
				INFOPLIST_KEY_UIApplicationSupportsIndirectInputEvents = YES;
				INFOPLIST_KEY_UILaunchScreen_Generation = YES;
				INFOPLIST_KEY_UISupportedInterfaceOrientations_iPad = "UIInterfaceOrientationPortrait UIInterfaceOrientationPortraitUpsideDown UIInterfaceOrientationLandscapeLeft UIInterfaceOrientationLandscapeRight";
				INFOPLIST_KEY_UISupportedInterfaceOrientations_iPhone = "UIInterfaceOrientationPortrait UIInterfaceOrientationLandscapeLeft UIInterfaceOrientationLandscapeRight";
				LD_RUNPATH_SEARCH_PATHS = (
					"$(inherited)",
					"@executable_path/Frameworks",
				);
				MARKETING_VERSION = 1.0;
				PRODUCT_BUNDLE_IDENTIFIER = goto.com.Climato;
				PRODUCT_NAME = "$(TARGET_NAME)";
				SWIFT_EMIT_LOC_STRINGS = YES;
				SWIFT_VERSION = 5.0;
				TARGETED_DEVICE_FAMILY = "1,2";
			};
			name = Release;
		};
/* End XCBuildConfiguration section */

/* Begin XCConfigurationList section */
		0F4B91C8279F4C26000D74F4 /* Build configuration list for PBXProject "Climato" */ = {
			isa = XCConfigurationList;
			buildConfigurations = (
				0F4B91D9279F4C27000D74F4 /* Debug */,
				0F4B91DA279F4C27000D74F4 /* Release */,
			);
			defaultConfigurationIsVisible = 0;
			defaultConfigurationName = Release;
		};
		0F4B91DB279F4C27000D74F4 /* Build configuration list for PBXNativeTarget "Climato" */ = {
			isa = XCConfigurationList;
			buildConfigurations = (
				0F4B91DC279F4C27000D74F4 /* Debug */,
				0F4B91DD279F4C27000D74F4 /* Release */,
			);
			defaultConfigurationIsVisible = 0;
			defaultConfigurationName = Release;
		};
/* End XCConfigurationList section */
	};
	rootObject = 0F4B91C5279F4C26000D74F4 /* Project object */;
}
